# THIS IS AN AUTOGENERATED FILE. DO NOT EDIT THIS FILE DIRECTLY.
# yarn lockfile v1


"@vant/weapp@^1.10.14":
  version "1.10.14"
  resolved "https://registry.npmmirror.com/@vant/weapp/-/weapp-1.10.14.tgz"
  integrity sha512-5usuhoN1kiOV6pzrdVzHrAux6DupKlGd9w+yYc992Zy1n1wHLZMb1dGM3+xtbNE3tpWE2qv95vIFSMpJRFyE7Q==

miniprogram-api-typings@^3.6.0:
  version "3.9.0"
  resolved "https://registry.npmmirror.com/miniprogram-api-typings/-/miniprogram-api-typings-3.9.0.tgz#c04a6b7eae5585733b5f8787297f2b9f1b60abac"
  integrity sha512-QCXHHW9H4XYazb8J9EMiFyaOWHXhBG4oehkQqi+76FJpKKIlpgL0ZkXxzJ2L+6T/c5OxKm7iegovKIQGVkZDLQ==
